
Microsoft Visual Studio Solution File, Format Version 12.00
# Visual Studio Version 17
VisualStudioVersion = 17.13.35931.197 d17.13
MinimumVisualStudioVersion = 10.0.40219.1
Project("{FAE04EC0-301F-11D3-BF4B-00C04F79EFBC}") = "projetov1", "projetov1\projetov1.csproj", "{3050C82F-0F88-41FD-A78D-A702F33CCDAB}"
EndProject
Global
	GlobalSection(SolutionConfigurationPlatforms) = preSolution
		Debug|Any CPU = Debug|Any CPU
		Release|Any CPU = Release|Any CPU
	EndGlobalSection
	GlobalSection(ProjectConfigurationPlatforms) = postSolution
		{3050C82F-0F88-41FD-A78D-A702F33CCDAB}.Debug|Any CPU.ActiveCfg = Debug|Any CPU
		{3050C82F-0F88-41FD-A78D-A702F33CCDAB}.Debug|Any CPU.Build.0 = Debug|Any CPU
		{3050C82F-0F88-41FD-A78D-A702F33CCDAB}.Release|Any CPU.ActiveCfg = Release|Any CPU
		{3050C82F-0F88-41FD-A78D-A702F33CCDAB}.Release|Any CPU.Build.0 = Release|Any CPU
	EndGlobalSection
	GlobalSection(SolutionProperties) = preSolution
		HideSolutionNode = FALSE
	EndGlobalSection
	GlobalSection(ExtensibilityGlobals) = postSolution
		SolutionGuid = {5EFB1B9D-C0E3-4C7D-B9F8-346FE353A0DD}
	EndGlobalSection
EndGlobal
